
Microsoft Visual Studio Solution File, Format Version 12.00
# Visual Studio Version 17
VisualStudioVersion = 17.7.34221.43
MinimumVisualStudioVersion = 10.0.40219.1
Project("{2150E333-8FDC-42A3-9474-1A3956D46DE8}") = "SingleResponsibility", "SingleResponsibility", "{AA3A8A7A-7593-45D1-BB08-C245D9172EA2}"
EndProject
Project("{FAE04EC0-301F-11D3-BF4B-00C04F79EFBC}") = "SingleResponsibility", "SingleResponsibility\SingleResponsibility\SingleResponsibility.csproj", "{865EF9F9-6C5D-43F7-B839-4015D70CBCA6}"
EndProject
Project("{FAE04EC0-301F-11D3-BF4B-00C04F79EFBC}") = "NoSingleResponsibility", "SingleResponsibility\NoSingleResponsibility\NoSingleResponsibility.csproj", "{3FC4D01E-24E2-4797-BD63-697CBAD0792C}"
EndProject
Global
	GlobalSection(SolutionConfigurationPlatforms) = preSolution
		Debug|Any CPU = Debug|Any CPU
		Release|Any CPU = Release|Any CPU
	EndGlobalSection
	GlobalSection(ProjectConfigurationPlatforms) = postSolution
		{865EF9F9-6C5D-43F7-B839-4015D70CBCA6}.Debug|Any CPU.ActiveCfg = Debug|Any CPU
		{865EF9F9-6C5D-43F7-B839-4015D70CBCA6}.Debug|Any CPU.Build.0 = Debug|Any CPU
		{865EF9F9-6C5D-43F7-B839-4015D70CBCA6}.Release|Any CPU.ActiveCfg = Release|Any CPU
		{865EF9F9-6C5D-43F7-B839-4015D70CBCA6}.Release|Any CPU.Build.0 = Release|Any CPU
		{3FC4D01E-24E2-4797-BD63-697CBAD0792C}.Debug|Any CPU.ActiveCfg = Debug|Any CPU
		{3FC4D01E-24E2-4797-BD63-697CBAD0792C}.Debug|Any CPU.Build.0 = Debug|Any CPU
		{3FC4D01E-24E2-4797-BD63-697CBAD0792C}.Release|Any CPU.ActiveCfg = Release|Any CPU
		{3FC4D01E-24E2-4797-BD63-697CBAD0792C}.Release|Any CPU.Build.0 = Release|Any CPU
	EndGlobalSection
	GlobalSection(SolutionProperties) = preSolution
		HideSolutionNode = FALSE
	EndGlobalSection
	GlobalSection(NestedProjects) = preSolution
		{865EF9F9-6C5D-43F7-B839-4015D70CBCA6} = {AA3A8A7A-7593-45D1-BB08-C245D9172EA2}
		{3FC4D01E-24E2-4797-BD63-697CBAD0792C} = {AA3A8A7A-7593-45D1-BB08-C245D9172EA2}
	EndGlobalSection
	GlobalSection(ExtensibilityGlobals) = postSolution
		SolutionGuid = {B05AC723-4BBD-4CBD-A2EC-70FE9F37C849}
	EndGlobalSection
EndGlobal
